// !$*UTF8*$!
{
	archiveVersion = 1;
	classes = {
	};
	objectVersion = 46;
	objects = {

/* Begin PBXBuildFile section */
		9257E9D41F7062F200C9601B /* QtCore.framework in Frameworks */ = {isa = PBXBuildFile; fileRef = 9257E9D31F7062F200C9601B /* QtCore.framework */; };
		92D8BAEA1F7062AC00DAB41E /* main.cpp in Sources */ = {isa = PBXBuildFile; fileRef = 92D8BAE91F7062AC00DAB41E /* main.cpp */; };
/* End PBXBuildFile section */

/* Begin PBXCopyFilesBuildPhase section */
		92D8BAE41F7062AC00DAB41E /* CopyFiles */ = {
			isa = PBXCopyFilesBuildPhase;
			buildActionMask = 2147483647;
			dstPath = /usr/share/man/man1/;
			dstSubfolderSpec = 0;
			files = (
			);
			runOnlyForDeploymentPostprocessing = 1;
		};
/* End PBXCopyFilesBuildPhase section */

/* Begin PBXFileReference section */
		9257E9D01F7062CB00C9601B /* main.h */ = {isa = PBXFileReference; fileEncoding = 4; lastKnownFileType = sourcecode.c.h; path = main.h; sourceTree = "<group>"; };
		9257E9D11F7062CB00C9601B /* shared.h */ = {isa = PBXFileReference; fileEncoding = 4; lastKnownFileType = sourcecode.c.h; name = shared.h; path = cc_decoder/shared.h; sourceTree = "<group>"; };
		9257E9D31F7062F200C9601B /* QtCore.framework */ = {isa = PBXFileReference; lastKnownFileType = wrapper.framework; name = QtCore.framework; path = ../../../../Qt/5.9.1/clang_64/lib/QtCore.framework; sourceTree = "<group>"; };
		92D8BAE61F7062AC00DAB41E /* cc_decoder */ = {isa = PBXFileReference; explicitFileType = "compiled.mach-o.executable"; includeInIndex = 0; path = cc_decoder; sourceTree = BUILT_PRODUCTS_DIR; };
		92D8BAE91F7062AC00DAB41E /* main.cpp */ = {isa = PBXFileReference; lastKnownFileType = sourcecode.cpp.cpp; path = main.cpp; sourceTree = "<group>"; };
/* End PBXFileReference section */

/* Begin PBXFrameworksBuildPhase section */
		92D8BAE31F7062AC00DAB41E /* Frameworks */ = {
			isa = PBXFrameworksBuildPhase;
			buildActionMask = 2147483647;
			files = (
				9257E9D41F7062F200C9601B /* QtCore.framework in Frameworks */,
			);
			runOnlyForDeploymentPostprocessing = 0;
		};
/* End PBXFrameworksBuildPhase section */

/* Begin PBXGroup section */
		9257E9D21F7062F200C9601B /* Frameworks */ = {
			isa = PBXGroup;
			children = (
				9257E9D31F7062F200C9601B /* QtCore.framework */,
			);
			name = Frameworks;
			sourceTree = "<group>";
		};
		92D8BADD1F7062AC00DAB41E = {
			isa = PBXGroup;
			children = (
				9257E9D11F7062CB00C9601B /* shared.h */,
				92D8BAE81F7062AC00DAB41E /* cc_decoder */,
				92D8BAE71F7062AC00DAB41E /* Products */,
				9257E9D21F7062F200C9601B /* Frameworks */,
			);
			sourceTree = "<group>";
		};
		92D8BAE71F7062AC00DAB41E /* Products */ = {
			isa = PBXGroup;
			children = (
				92D8BAE61F7062AC00DAB41E /* cc_decoder */,
			);
			name = Products;
			sourceTree = "<group>";
		};
		92D8BAE81F7062AC00DAB41E /* cc_decoder */ = {
			isa = PBXGroup;
			children = (
				9257E9D01F7062CB00C9601B /* main.h */,
				92D8BAE91F7062AC00DAB41E /* main.cpp */,
			);
			path = cc_decoder;
			sourceTree = "<group>";
		};
/* End PBXGroup section */

/* Begin PBXNativeTarget section */
		92D8BAE51F7062AC00DAB41E /* cc_decoder */ = {
			isa = PBXNativeTarget;
			buildConfigurationList = 92D8BAED1F7062AC00DAB41E /* Build configuration list for PBXNativeTarget "cc_decoder" */;
			buildPhases = (
				92D8BAE21F7062AC00DAB41E /* Sources */,
				92D8BAE31F7062AC00DAB41E /* Frameworks */,
				92D8BAE41F7062AC00DAB41E /* CopyFiles */,
			);
			buildRules = (
			);
			dependencies = (
			);
			name = cc_decoder;
			productName = cc_decoder;
			productReference = 92D8BAE61F7062AC00DAB41E /* cc_decoder */;
			productType = "com.apple.product-type.tool";
		};
/* End PBXNativeTarget section */

/* Begin PBXProject section */
		92D8BADE1F7062AC00DAB41E /* Project object */ = {
			isa = PBXProject;
			attributes = {
				LastUpgradeCheck = 0800;
				ORGANIZATIONNAME = MTUCI;
				TargetAttributes = {
					92D8BAE51F7062AC00DAB41E = {
						CreatedOnToolsVersion = 8.0;
						ProvisioningStyle = Automatic;
					};
				};
			};
			buildConfigurationList = 92D8BAE11F7062AC00DAB41E /* Build configuration list for PBXProject "cc_decoder" */;
			compatibilityVersion = "Xcode 3.2";
			developmentRegion = English;
			hasScannedForEncodings = 0;
			knownRegions = (
				en,
			);
			mainGroup = 92D8BADD1F7062AC00DAB41E;
			productRefGroup = 92D8BAE71F7062AC00DAB41E /* Products */;
			projectDirPath = "";
			projectRoot = "";
			targets = (
				92D8BAE51F7062AC00DAB41E /* cc_decoder */,
			);
		};
/* End PBXProject section */

/* Begin PBXSourcesBuildPhase section */
		92D8BAE21F7062AC00DAB41E /* Sources */ = {
			isa = PBXSourcesBuildPhase;
			buildActionMask = 2147483647;
			files = (
				92D8BAEA1F7062AC00DAB41E /* main.cpp in Sources */,
			);
			runOnlyForDeploymentPostprocessing = 0;
		};
/* End PBXSourcesBuildPhase section */

/* Begin XCBuildConfiguration section */
		92D8BAEB1F7062AC00DAB41E /* Debug */ = {
			isa = XCBuildConfiguration;
			buildSettings = {
				ALWAYS_SEARCH_USER_PATHS = NO;
				CLANG_ANALYZER_NONNULL = YES;
				CLANG_CXX_LANGUAGE_STANDARD = "gnu++0x";
				CLANG_CXX_LIBRARY = "libc++";
				CLANG_ENABLE_MODULES = YES;
				CLANG_ENABLE_OBJC_ARC = YES;
				CLANG_WARN_BOOL_CONVERSION = YES;
				CLANG_WARN_CONSTANT_CONVERSION = YES;
				CLANG_WARN_DIRECT_OBJC_ISA_USAGE = YES_ERROR;
				CLANG_WARN_DOCUMENTATION_COMMENTS = YES;
				CLANG_WARN_EMPTY_BODY = YES;
				CLANG_WARN_ENUM_CONVERSION = YES;
				CLANG_WARN_INFINITE_RECURSION = YES;
				CLANG_WARN_INT_CONVERSION = YES;
				CLANG_WARN_OBJC_ROOT_CLASS = YES_ERROR;
				CLANG_WARN_SUSPICIOUS_MOVES = YES;
				CLANG_WARN_UNREACHABLE_CODE = YES;
				CLANG_WARN__DUPLICATE_METHOD_MATCH = YES;
				CODE_SIGN_IDENTITY = "-";
				COPY_PHASE_STRIP = NO;
				DEBUG_INFORMATION_FORMAT = dwarf;
				ENABLE_STRICT_OBJC_MSGSEND = YES;
				ENABLE_TESTABILITY = YES;
				GCC_C_LANGUAGE_STANDARD = gnu99;
				GCC_DYNAMIC_NO_PIC = NO;
				GCC_NO_COMMON_BLOCKS = YES;
				GCC_OPTIMIZATION_LEVEL = 0;
				GCC_PREPROCESSOR_DEFINITIONS = (
					"DEBUG=1",
					"$(inherited)",
				);
				GCC_WARN_64_TO_32_BIT_CONVERSION = YES;
				GCC_WARN_ABOUT_RETURN_TYPE = YES_ERROR;
				GCC_WARN_UNDECLARED_SELECTOR = YES;
				GCC_WARN_UNINITIALIZED_AUTOS = YES_AGGRESSIVE;
				GCC_WARN_UNUSED_FUNCTION = YES;
				GCC_WARN_UNUSED_VARIABLE = YES;
				MACOSX_DEPLOYMENT_TARGET = 10.12;
				MTL_ENABLE_DEBUG_INFO = YES;
				ONLY_ACTIVE_ARCH = YES;
				SDKROOT = macosx;
			};
			name = Debug;
		};
		92D8BAEC1F7062AC00DAB41E /* Release */ = {
			isa = XCBuildConfiguration;
			buildSettings = {
				ALWAYS_SEARCH_USER_PATHS = NO;
				CLANG_ANALYZER_NONNULL = YES;
				CLANG_CXX_LANGUAGE_STANDARD = "gnu++0x";
				CLANG_CXX_LIBRARY = "libc++";
				CLANG_ENABLE_MODULES = YES;
				CLANG_ENABLE_OBJC_ARC = YES;
				CLANG_WARN_BOOL_CONVERSION = YES;
				CLANG_WARN_CONSTANT_CONVERSION = YES;
				CLANG_WARN_DIRECT_OBJC_ISA_USAGE = YES_ERROR;
				CLANG_WARN_DOCUMENTATION_COMMENTS = YES;
				CLANG_WARN_EMPTY_BODY = YES;
				CLANG_WARN_ENUM_CONVERSION = YES;
				CLANG_WARN_INFINITE_RECURSION = YES;
				CLANG_WARN_INT_CONVERSION = YES;
				CLANG_WARN_OBJC_ROOT_CLASS = YES_ERROR;
				CLANG_WARN_SUSPICIOUS_MOVES = YES;
				CLANG_WARN_UNREACHABLE_CODE = YES;
				CLANG_WARN__DUPLICATE_METHOD_MATCH = YES;
				CODE_SIGN_IDENTITY = "-";
				COPY_PHASE_STRIP = NO;
				DEBUG_INFORMATION_FORMAT = "dwarf-with-dsym";
				ENABLE_NS_ASSERTIONS = NO;
				ENABLE_STRICT_OBJC_MSGSEND = YES;
				GCC_C_LANGUAGE_STANDARD = gnu99;
				GCC_NO_COMMON_BLOCKS = YES;
				GCC_WARN_64_TO_32_BIT_CONVERSION = YES;
				GCC_WARN_ABOUT_RETURN_TYPE = YES_ERROR;
				GCC_WARN_UNDECLARED_SELECTOR = YES;
				GCC_WARN_UNINITIALIZED_AUTOS = YES_AGGRESSIVE;
				GCC_WARN_UNUSED_FUNCTION = YES;
				GCC_WARN_UNUSED_VARIABLE = YES;
				MACOSX_DEPLOYMENT_TARGET = 10.12;
				MTL_ENABLE_DEBUG_INFO = NO;
				SDKROOT = macosx;
			};
			name = Release;
		};
		92D8BAEE1F7062AC00DAB41E /* Debug */ = {
			isa = XCBuildConfiguration;
			buildSettings = {
				FRAMEWORK_SEARCH_PATHS = /Users/Denis/Qt/5.9.1/clang_64/lib;
				LD_RUNPATH_SEARCH_PATHS = /Users/Denis/Qt/5.9.1/clang_64/lib;
				PRODUCT_NAME = "$(TARGET_NAME)";
			};
			name = Debug;
		};
		92D8BAEF1F7062AC00DAB41E /* Release */ = {
			isa = XCBuildConfiguration;
			buildSettings = {
				FRAMEWORK_SEARCH_PATHS = /Users/Denis/Qt/5.9.1/clang_64/lib;
				LD_RUNPATH_SEARCH_PATHS = /Users/Denis/Qt/5.9.1/clang_64/lib;
				PRODUCT_NAME = "$(TARGET_NAME)";
			};
			name = Release;
		};
/* End XCBuildConfiguration section */

/* Begin XCConfigurationList section */
		92D8BAE11F7062AC00DAB41E /* Build configuration list for PBXProject "cc_decoder" */ = {
			isa = XCConfigurationList;
			buildConfigurations = (
				92D8BAEB1F7062AC00DAB41E /* Debug */,
				92D8BAEC1F7062AC00DAB41E /* Release */,
			);
			defaultConfigurationIsVisible = 0;
			defaultConfigurationName = Release;
		};
		92D8BAED1F7062AC00DAB41E /* Build configuration list for PBXNativeTarget "cc_decoder" */ = {
			isa = XCConfigurationList;
			buildConfigurations = (
				92D8BAEE1F7062AC00DAB41E /* Debug */,
				92D8BAEF1F7062AC00DAB41E /* Release */,
			);
			defaultConfigurationIsVisible = 0;
			defaultConfigurationName = Release;
		};
/* End XCConfigurationList section */
	};
	rootObject = 92D8BADE1F7062AC00DAB41E /* Project object */;
}
